PODS:
  - AFNetworking (3.1.0):
    - AFNetworking/NSURLSession (= 3.1.0)
    - AFNetworking/Reachability (= 3.1.0)
    - AFNetworking/Security (= 3.1.0)
    - AFNetworking/Serialization (= 3.1.0)
    - AFNetworking/UIKit (= 3.1.0)
  - AFNetworking/NSURLSession (3.1.0):
    - AFNetworking/Reachability
    - AFNetworking/Security
    - AFNetworking/Serialization
  - AFNetworking/Reachability (3.1.0)
  - AFNetworking/Security (3.1.0)
  - AFNetworking/Serialization (3.1.0)
  - AFNetworking/UIKit (3.1.0):
    - AFNetworking/NSURLSession
  - Bugly (2.5.2)
  - CocoaLumberjack (2.4.0):
    - CocoaLumberjack/Default (= 2.4.0)
    - CocoaLumberjack/Extensions (= 2.4.0)
  - CocoaLumberjack/Core (2.4.0)
  - CocoaLumberjack/Default (2.4.0):
    - CocoaLumberjack/Core
  - CocoaLumberjack/Extensions (2.4.0):
    - CocoaLumberjack/Default
  - FMDB (2.7.5):
    - FMDB/standard (= 2.7.5)
  - FMDB/standard (2.7.5)
  - IQKeyboardManager (6.5.5)
  - JSONKit-NoWarning (1.2)
  - LogglyLogger-CocoaLumberjack (2.3.2):
    - CocoaLumberjack (~> 2.0)
    - LogglyLogger-CocoaLumberjack/Formatter (= 2.3.2)
    - LogglyLogger-CocoaLumberjack/Logger (= 2.3.2)
  - LogglyLogger-CocoaLumberjack/Formatter (2.3.2):
    - CocoaLumberjack (~> 2.0)
  - LogglyLogger-CocoaLumberjack/Logger (2.3.2):
    - CocoaLumberjack (~> 2.0)
  - Mantle (2.1.1):
    - Mantle/extobjc (= 2.1.1)
  - Mantle/extobjc (2.1.1)
  - Masonry (1.0.2)
  - MBProgressHUD (1.2.0)
  - MJExtension (3.0.17)
  - SDCycleScrollView (1.80):
    - SDWebImage (>= 5.0.0)
  - SDWebImage (5.5.2):
    - SDWebImage/Core (= 5.5.2)
  - SDWebImage/Core (5.5.2)
  - SSDataSources (0.8.6)
  - SVProgressHUD (2.2.5)
  - "UITableView+FDTemplateLayoutCell (1.6)"
  - YYKit (1.0.9):
    - YYKit/no-arc (= 1.0.9)
  - YYKit/no-arc (1.0.9)

DEPENDENCIES:
  - AFNetworking (~> 3.1.0)
  - Bugly
  - CocoaLumberjack (~> 2.2)
  - FMDB (~> 2.4)
  - IQKeyboardManager
  - JSONKit-NoWarning (~> 1.2)
  - LogglyLogger-CocoaLumberjack (~> 2.3.2)
  - Mantle (~> 2.1.0)
  - Masonry (~> 1.0.2)
  - MBProgressHUD (~> 1.0)
  - MJExtension (~> 3.0.13)
  - SDCycleScrollView
  - SDWebImage
  - SSDataSources
  - SVProgressHUD
  - "UITableView+FDTemplateLayoutCell (~> 1.4)"
  - YYKit

SPEC REPOS:
  trunk:
    - AFNetworking
    - Bugly
    - CocoaLumberjack
    - FMDB
    - IQKeyboardManager
    - JSONKit-NoWarning
    - LogglyLogger-CocoaLumberjack
    - Mantle
    - Masonry
    - MBProgressHUD
    - MJExtension
    - SDCycleScrollView
    - SDWebImage
    - SSDataSources
    - SVProgressHUD
    - "UITableView+FDTemplateLayoutCell"
    - YYKit

SPEC CHECKSUMS:
  AFNetworking: 5e0e199f73d8626b11e79750991f5d173d1f8b67
  Bugly: dbac48b55ad469a97cc4321045cd50df8f63d44f
  CocoaLumberjack: aa9dcab71bdf9eaf2a63bbd9ddc87863efe45457
  FMDB: 2ce00b547f966261cd18927a3ddb07cb6f3db82a
  IQKeyboardManager: 3a8b9e603f8b0eeaf5f096a1f2b2cfcf121992ef
  JSONKit-NoWarning: 3d27e6f9e6846ecf741e8c64dcadd7d5aa7193cb
  LogglyLogger-CocoaLumberjack: a88d07ab44c4c3ee87b90e573793316e204cefea
  Mantle: 35238ae6f2e2b2d474fa7b67fee82a59fea71915
  Masonry: 7c429b56da9d4ee0bbb3ed77a5ea710d6a5df39e
  MBProgressHUD: 3ee5efcc380f6a79a7cc9b363dd669c5e1ae7406
  MJExtension: 74ec83124a68891619fb7ba9c5c811bbf1691076
  SDCycleScrollView: b3c9a5ed840c771c4938978174c7c9d9feefeb96
  SDWebImage: 4d5c027c935438f341ed33dbac53ff9f479922ca
  SSDataSources: ebcf6e435a090f1a940c5d2042cfb3f369f98a1d
  SVProgressHUD: 1428aafac632c1f86f62aa4243ec12008d7a51d6
  "UITableView+FDTemplateLayoutCell": 5c949b4a5059c404b442926c0e80f81d10a2d66f
  YYKit: 7cda43304a8dc3696c449041e2cb3107b4e236e7

PODFILE CHECKSUM: 9bfd9e3e7bee4b903ae14a7a54eb9d2af9113d83

COCOAPODS: 1.8.4
